
Microsoft Visual Studio Solution File, Format Version 12.00
# Visual Studio 15
VisualStudioVersion = 15.0.27428.2043
MinimumVisualStudioVersion = 10.0.40219.1
Project("{FAE04EC0-301F-11D3-BF4B-00C04F79EFBC}") = "Lab9ArrayList", "Lab9ArrayList\Lab9ArrayList.csproj", "{E9357286-BDEF-4AF6-9BD0-06B51B8955FE}"
EndProject
Global
	GlobalSection(SolutionConfigurationPlatforms) = preSolution
		Debug|Any CPU = Debug|Any CPU
		Release|Any CPU = Release|Any CPU
	EndGlobalSection
	GlobalSection(ProjectConfigurationPlatforms) = postSolution
		{E9357286-BDEF-4AF6-9BD0-06B51B8955FE}.Debug|Any CPU.ActiveCfg = Debug|Any CPU
		{E9357286-BDEF-4AF6-9BD0-06B51B8955FE}.Debug|Any CPU.Build.0 = Debug|Any CPU
		{E9357286-BDEF-4AF6-9BD0-06B51B8955FE}.Release|Any CPU.ActiveCfg = Release|Any CPU
		{E9357286-BDEF-4AF6-9BD0-06B51B8955FE}.Release|Any CPU.Build.0 = Release|Any CPU
	EndGlobalSection
	GlobalSection(SolutionProperties) = preSolution
		HideSolutionNode = FALSE
	EndGlobalSection
	GlobalSection(ExtensibilityGlobals) = postSolution
		SolutionGuid = {D8480687-BFE0-474A-A56A-488AEC16AE69}
	EndGlobalSection
EndGlobal
